
Microsoft Visual Studio Solution File, Format Version 12.00
# Visual Studio Version 17
VisualStudioVersion = 17.6.33801.468
MinimumVisualStudioVersion = 10.0.40219.1
Project("{FAE04EC0-301F-11D3-BF4B-00C04F79EFBC}") = "AlphaBlade01", "AlphaBlade01.csproj", "{1F80A23D-E62E-48B5-96BA-FF76222F1908}"
EndProject
Global
	GlobalSection(SolutionConfigurationPlatforms) = preSolution
		Debug|Any CPU = Debug|Any CPU
		Release|Any CPU = Release|Any CPU
	EndGlobalSection
	GlobalSection(ProjectConfigurationPlatforms) = postSolution
		{1F80A23D-E62E-48B5-96BA-FF76222F1908}.Debug|Any CPU.ActiveCfg = Debug|Any CPU
		{1F80A23D-E62E-48B5-96BA-FF76222F1908}.Debug|Any CPU.Build.0 = Debug|Any CPU
		{1F80A23D-E62E-48B5-96BA-FF76222F1908}.Release|Any CPU.ActiveCfg = Release|Any CPU
		{1F80A23D-E62E-48B5-96BA-FF76222F1908}.Release|Any CPU.Build.0 = Release|Any CPU
	EndGlobalSection
	GlobalSection(SolutionProperties) = preSolution
		HideSolutionNode = FALSE
	EndGlobalSection
	GlobalSection(ExtensibilityGlobals) = postSolution
		SolutionGuid = {80BAC4F0-FE2D-413A-AF9F-173616ED91DA}
	EndGlobalSection
EndGlobal
